
Microsoft Visual Studio Solution File, Format Version 12.00
# Visual Studio 14
VisualStudioVersion = 14.0.24720.0
MinimumVisualStudioVersion = 10.0.40219.1
Project("{FAE04EC0-301F-11D3-BF4B-00C04F79EFBC}") = "VersioningWeb.API", "..\VersioningWebAPI\VersioningWeb.API.csproj", "{F3A08613-982D-483A-B2E2-468251F1A73C}"
EndProject
Project("{FAE04EC0-301F-11D3-BF4B-00C04F79EFBC}") = "VersioningWeb.Services", "..\VersioningWeb.Services\VersioningWeb.Services.csproj", "{15818DE4-4DF7-4B93-AD8A-2D7CCC6787C8}"
EndProject
Global
	GlobalSection(SolutionConfigurationPlatforms) = preSolution
		Debug|Any CPU = Debug|Any CPU
		Release|Any CPU = Release|Any CPU
	EndGlobalSection
	GlobalSection(ProjectConfigurationPlatforms) = postSolution
		{F3A08613-982D-483A-B2E2-468251F1A73C}.Debug|Any CPU.ActiveCfg = Debug|Any CPU
		{F3A08613-982D-483A-B2E2-468251F1A73C}.Debug|Any CPU.Build.0 = Debug|Any CPU
		{F3A08613-982D-483A-B2E2-468251F1A73C}.Release|Any CPU.ActiveCfg = Release|Any CPU
		{F3A08613-982D-483A-B2E2-468251F1A73C}.Release|Any CPU.Build.0 = Release|Any CPU
		{15818DE4-4DF7-4B93-AD8A-2D7CCC6787C8}.Debug|Any CPU.ActiveCfg = Debug|Any CPU
		{15818DE4-4DF7-4B93-AD8A-2D7CCC6787C8}.Debug|Any CPU.Build.0 = Debug|Any CPU
		{15818DE4-4DF7-4B93-AD8A-2D7CCC6787C8}.Release|Any CPU.ActiveCfg = Release|Any CPU
		{15818DE4-4DF7-4B93-AD8A-2D7CCC6787C8}.Release|Any CPU.Build.0 = Release|Any CPU
	EndGlobalSection
	GlobalSection(SolutionProperties) = preSolution
		HideSolutionNode = FALSE
	EndGlobalSection
	GlobalSection(TeamFoundationVersionControl) = preSolution
		SccNumberOfProjects = 3
		SccEnterpriseProvider = {4CA58AB2-18FA-4F8D-95D4-32DDF27D184C}
		SccTeamFoundationServer = https://smllcus.visualstudio.com/defaultcollection
		SccLocalPath0 = .
		SccProjectUniqueName1 = ..\\VersioningWebAPI\\VersioningWeb.API.csproj
		SccProjectName1 = ../VersioningWebAPI
		SccLocalPath1 = ..\\VersioningWebAPI
		SccProjectUniqueName2 = ..\\VersioningWeb.Services\\VersioningWeb.Services.csproj
		SccProjectName2 = ../VersioningWeb.Services
		SccLocalPath2 = ..\\VersioningWeb.Services
	EndGlobalSection
EndGlobal
